PODS:
  - AFNetworking (1.3.3)
  - DTCoreText (1.6.8):
    - DTFoundation/Core (~> 1.5.4)
    - DTFoundation/DTHTMLParser (~> 1.5.4)
    - DTFoundation/UIKit (~> 1.5.4)
  - DTFoundation/Core (1.5.4)
  - DTFoundation/DTHTMLParser (1.5.4):
    - DTFoundation/Core
  - DTFoundation/UIKit (1.5.4):
    - DTFoundation/Core
  - Facebook-iOS-SDK (3.8.0)

DEPENDENCIES:
  - AFNetworking (~> 1.3.3)
  - DTCoreText (~> 1.6.8)
  - Facebook-iOS-SDK (~> 3.8.0)

SPEC CHECKSUMS:
  AFNetworking: 0700ec7a58c36ad217173e167f6e4df7270df66b
  DTCoreText: 24f96ab529f19114533ca71922469c94fb73db4d
  DTFoundation: 86e59f373c7a9b9f859f8a9c1debf072979eebec
  Facebook-iOS-SDK: 55a22fe8bcaacd638cde9014af6b3ee85f4d71fb

COCOAPODS: 0.23.0
